
Microsoft Visual Studio Solution File, Format Version 12.00
# Visual Studio 14
VisualStudioVersion = 14.0.25420.1
MinimumVisualStudioVersion = 10.0.40219.1
Project("{FAE04EC0-301F-11D3-BF4B-00C04F79EFBC}") = "BCryptTestProject", "BCryptTestProject\BCryptTestProject.csproj", "{52D86B30-8FA2-4DC7-B196-C9616C4EC488}"
EndProject
Project("{00D1A9C2-B5F0-4AF3-8072-F6C62B433612}") = "BCryptTest.Database", "BCryptTest.Database\BCryptTest.Database.sqlproj", "{9EA74A66-D75B-4560-B916-6AAFBBDC3B0F}"
EndProject
Global
	GlobalSection(SolutionConfigurationPlatforms) = preSolution
		Debug|Any CPU = Debug|Any CPU
		Release|Any CPU = Release|Any CPU
	EndGlobalSection
	GlobalSection(ProjectConfigurationPlatforms) = postSolution
		{52D86B30-8FA2-4DC7-B196-C9616C4EC488}.Debug|Any CPU.ActiveCfg = Debug|Any CPU
		{52D86B30-8FA2-4DC7-B196-C9616C4EC488}.Debug|Any CPU.Build.0 = Debug|Any CPU
		{52D86B30-8FA2-4DC7-B196-C9616C4EC488}.Release|Any CPU.ActiveCfg = Release|Any CPU
		{52D86B30-8FA2-4DC7-B196-C9616C4EC488}.Release|Any CPU.Build.0 = Release|Any CPU
		{9EA74A66-D75B-4560-B916-6AAFBBDC3B0F}.Debug|Any CPU.ActiveCfg = Debug|Any CPU
		{9EA74A66-D75B-4560-B916-6AAFBBDC3B0F}.Debug|Any CPU.Build.0 = Debug|Any CPU
		{9EA74A66-D75B-4560-B916-6AAFBBDC3B0F}.Debug|Any CPU.Deploy.0 = Debug|Any CPU
		{9EA74A66-D75B-4560-B916-6AAFBBDC3B0F}.Release|Any CPU.ActiveCfg = Release|Any CPU
		{9EA74A66-D75B-4560-B916-6AAFBBDC3B0F}.Release|Any CPU.Build.0 = Release|Any CPU
		{9EA74A66-D75B-4560-B916-6AAFBBDC3B0F}.Release|Any CPU.Deploy.0 = Release|Any CPU
	EndGlobalSection
	GlobalSection(SolutionProperties) = preSolution
		HideSolutionNode = FALSE
	EndGlobalSection
EndGlobal
